
Microsoft Visual Studio Solution File, Format Version 12.00
# Visual Studio 15
VisualStudioVersion = 15.0.28307.102
MinimumVisualStudioVersion = 10.0.40219.1
Project("{8BC9CEB8-8B4A-11D0-8D11-00A0C91BC942}") = "Project15", "Project15\Project15.vcxproj", "{ABCD53F5-C5D0-41B5-A1F2-1A5832E388C1}"
EndProject
Global
	GlobalSection(SolutionConfigurationPlatforms) = preSolution
		Debug|x64 = Debug|x64
		Debug|x86 = Debug|x86
		Release|x64 = Release|x64
		Release|x86 = Release|x86
	EndGlobalSection
	GlobalSection(ProjectConfigurationPlatforms) = postSolution
		{ABCD53F5-C5D0-41B5-A1F2-1A5832E388C1}.Debug|x64.ActiveCfg = Debug|x64
		{ABCD53F5-C5D0-41B5-A1F2-1A5832E388C1}.Debug|x64.Build.0 = Debug|x64
		{ABCD53F5-C5D0-41B5-A1F2-1A5832E388C1}.Debug|x86.ActiveCfg = Debug|Win32
		{ABCD53F5-C5D0-41B5-A1F2-1A5832E388C1}.Debug|x86.Build.0 = Debug|Win32
		{ABCD53F5-C5D0-41B5-A1F2-1A5832E388C1}.Release|x64.ActiveCfg = Release|x64
		{ABCD53F5-C5D0-41B5-A1F2-1A5832E388C1}.Release|x64.Build.0 = Release|x64
		{ABCD53F5-C5D0-41B5-A1F2-1A5832E388C1}.Release|x86.ActiveCfg = Release|Win32
		{ABCD53F5-C5D0-41B5-A1F2-1A5832E388C1}.Release|x86.Build.0 = Release|Win32
	EndGlobalSection
	GlobalSection(SolutionProperties) = preSolution
		HideSolutionNode = FALSE
	EndGlobalSection
	GlobalSection(ExtensibilityGlobals) = postSolution
		SolutionGuid = {56521B9B-36D9-4C6C-A714-3D0C25514892}
	EndGlobalSection
EndGlobal
